
Microsoft Visual Studio Solution File, Format Version 12.00
# Visual Studio Version 17
VisualStudioVersion = 17.3.32825.248
MinimumVisualStudioVersion = 10.0.40219.1
Project("{FAE04EC0-301F-11D3-BF4B-00C04F79EFBC}") = "filehandling", "filehandling\filehandling.csproj", "{9F55F5BD-6811-4D74-96D7-FF3CE6C3109C}"
EndProject
Global
	GlobalSection(SolutionConfigurationPlatforms) = preSolution
		Debug|Any CPU = Debug|Any CPU
		Release|Any CPU = Release|Any CPU
	EndGlobalSection
	GlobalSection(ProjectConfigurationPlatforms) = postSolution
		{9F55F5BD-6811-4D74-96D7-FF3CE6C3109C}.Debug|Any CPU.ActiveCfg = Debug|Any CPU
		{9F55F5BD-6811-4D74-96D7-FF3CE6C3109C}.Debug|Any CPU.Build.0 = Debug|Any CPU
		{9F55F5BD-6811-4D74-96D7-FF3CE6C3109C}.Release|Any CPU.ActiveCfg = Release|Any CPU
		{9F55F5BD-6811-4D74-96D7-FF3CE6C3109C}.Release|Any CPU.Build.0 = Release|Any CPU
	EndGlobalSection
	GlobalSection(SolutionProperties) = preSolution
		HideSolutionNode = FALSE
	EndGlobalSection
	GlobalSection(ExtensibilityGlobals) = postSolution
		SolutionGuid = {23FA3D05-B5BE-49F9-85EF-7D6509CC1371}
	EndGlobalSection
EndGlobal
